
Microsoft Visual Studio Solution File, Format Version 12.00
# Visual Studio Version 17
VisualStudioVersion = 17.14.36408.4 d17.14
MinimumVisualStudioVersion = 10.0.40219.1
Project("{8BC9CEB8-8B4A-11D0-8D11-00A0C91BC942}") = "Lab9_2_Array_Tasks", "Lab9_2_Array_Tasks\Lab9_2_Array_Tasks.vcxproj", "{EB1B1CA7-A656-42D2-9B7B-A5EC581A9DE3}"
EndProject
Global
	GlobalSection(SolutionConfigurationPlatforms) = preSolution
		Debug|x64 = Debug|x64
		Debug|x86 = Debug|x86
		Release|x64 = Release|x64
		Release|x86 = Release|x86
	EndGlobalSection
	GlobalSection(ProjectConfigurationPlatforms) = postSolution
		{EB1B1CA7-A656-42D2-9B7B-A5EC581A9DE3}.Debug|x64.ActiveCfg = Debug|x64
		{EB1B1CA7-A656-42D2-9B7B-A5EC581A9DE3}.Debug|x64.Build.0 = Debug|x64
		{EB1B1CA7-A656-42D2-9B7B-A5EC581A9DE3}.Debug|x86.ActiveCfg = Debug|Win32
		{EB1B1CA7-A656-42D2-9B7B-A5EC581A9DE3}.Debug|x86.Build.0 = Debug|Win32
		{EB1B1CA7-A656-42D2-9B7B-A5EC581A9DE3}.Release|x64.ActiveCfg = Release|x64
		{EB1B1CA7-A656-42D2-9B7B-A5EC581A9DE3}.Release|x64.Build.0 = Release|x64
		{EB1B1CA7-A656-42D2-9B7B-A5EC581A9DE3}.Release|x86.ActiveCfg = Release|Win32
		{EB1B1CA7-A656-42D2-9B7B-A5EC581A9DE3}.Release|x86.Build.0 = Release|Win32
	EndGlobalSection
	GlobalSection(SolutionProperties) = preSolution
		HideSolutionNode = FALSE
	EndGlobalSection
	GlobalSection(ExtensibilityGlobals) = postSolution
		SolutionGuid = {2C27624F-1E03-4FCB-855E-E9D71D6B3366}
	EndGlobalSection
EndGlobal
